
Microsoft Visual Studio Solution File, Format Version 12.00
# Visual Studio 15
VisualStudioVersion = 15.0.28010.2041
MinimumVisualStudioVersion = 10.0.40219.1
Project("{FAE04EC0-301F-11D3-BF4B-00C04F79EFBC}") = "SzyfratorStrumieniowy", "SzyfratorStrumieniowy\SzyfratorStrumieniowy.csproj", "{A073E5DD-0DC8-4268-B9E6-FAB4F1DB3CC6}"
EndProject
Global
	GlobalSection(SolutionConfigurationPlatforms) = preSolution
		Debug|Any CPU = Debug|Any CPU
		Release|Any CPU = Release|Any CPU
	EndGlobalSection
	GlobalSection(ProjectConfigurationPlatforms) = postSolution
		{A073E5DD-0DC8-4268-B9E6-FAB4F1DB3CC6}.Debug|Any CPU.ActiveCfg = Debug|Any CPU
		{A073E5DD-0DC8-4268-B9E6-FAB4F1DB3CC6}.Debug|Any CPU.Build.0 = Debug|Any CPU
		{A073E5DD-0DC8-4268-B9E6-FAB4F1DB3CC6}.Release|Any CPU.ActiveCfg = Release|Any CPU
		{A073E5DD-0DC8-4268-B9E6-FAB4F1DB3CC6}.Release|Any CPU.Build.0 = Release|Any CPU
	EndGlobalSection
	GlobalSection(SolutionProperties) = preSolution
		HideSolutionNode = FALSE
	EndGlobalSection
	GlobalSection(ExtensibilityGlobals) = postSolution
		SolutionGuid = {C9CF3200-D2B6-4B57-88FA-06AD23CBB7AB}
	EndGlobalSection
EndGlobal
